
Microsoft Visual Studio Solution File, Format Version 12.00
# Visual Studio Version 16
VisualStudioVersion = 16.0.31402.337
MinimumVisualStudioVersion = 10.0.40219.1
Project("{FAE04EC0-301F-11D3-BF4B-00C04F79EFBC}") = "WebApplication1", "WebApplication1.csproj", "{FC9AB543-2967-4EEB-91E8-E49F908524F2}"
EndProject
Global
	GlobalSection(SolutionConfigurationPlatforms) = preSolution
		Debug|Any CPU = Debug|Any CPU
		Release|Any CPU = Release|Any CPU
	EndGlobalSection
	GlobalSection(ProjectConfigurationPlatforms) = postSolution
		{FC9AB543-2967-4EEB-91E8-E49F908524F2}.Debug|Any CPU.ActiveCfg = Debug|Any CPU
		{FC9AB543-2967-4EEB-91E8-E49F908524F2}.Debug|Any CPU.Build.0 = Debug|Any CPU
		{FC9AB543-2967-4EEB-91E8-E49F908524F2}.Release|Any CPU.ActiveCfg = Release|Any CPU
		{FC9AB543-2967-4EEB-91E8-E49F908524F2}.Release|Any CPU.Build.0 = Release|Any CPU
	EndGlobalSection
	GlobalSection(SolutionProperties) = preSolution
		HideSolutionNode = FALSE
	EndGlobalSection
	GlobalSection(ExtensibilityGlobals) = postSolution
		SolutionGuid = {707B5FF0-E194-452F-B651-940E3AEC04BC}
	EndGlobalSection
EndGlobal
